{"name":"project-name","version":"1.0.0","lockfileVersion":3,"requires":true,"dependencies":{"picomatch":{"version":"^2.3.1","resolved":"https://registry.npmjs.org/picomatch/-/picomatch-2.3.1.tgz","integrity":"sha512-N4xz3VrXnoCYrB2OgV2Euh1uArV6uU9zZZMagCPq4A5KIXLFfu1HTJcx9LZxBLUgzM1qkcQfxET6qGAS3gM6SOA==","dev":true}},"engines":{"node":">=20.0.0"},"peerDependencies":{}}